
Microsoft Visual Studio Solution File, Format Version 12.00
# Visual Studio Version 17
VisualStudioVersion = 17.11.35208.52
MinimumVisualStudioVersion = 10.0.40219.1
Project("{9A19103F-16F7-4668-BE54-9A1E7A4F7556}") = "Final_Project_ASP.NET_API_Back_End", "Final_Project_ASP.NET_API_Back_End\Final_Project_ASP.NET_API_Back_End.csproj", "{61DEBCA8-001F-450A-98C2-4C96C253CE6B}"
EndProject
Project("{9A19103F-16F7-4668-BE54-9A1E7A4F7556}") = "Common", "Common\Common.csproj", "{FCC98FD9-81CF-4DAA-8CB5-0D737A9F131E}"
EndProject
Project("{9A19103F-16F7-4668-BE54-9A1E7A4F7556}") = "Data_Access_Layer_ASP.NET_Core", "Data_Access_Layer_ASP.NET_Core\Data_Access_Layer_ASP.NET_Core.csproj", "{F8BDD5EA-EC8D-4451-86C8-F5118B2F9489}"
	ProjectSection(ProjectDependencies) = postProject
		{61DEBCA8-001F-450A-98C2-4C96C253CE6B} = {61DEBCA8-001F-450A-98C2-4C96C253CE6B}
	EndProjectSection
EndProject
Global
	GlobalSection(SolutionConfigurationPlatforms) = preSolution
		Debug|Any CPU = Debug|Any CPU
		Release|Any CPU = Release|Any CPU
	EndGlobalSection
	GlobalSection(ProjectConfigurationPlatforms) = postSolution
		{61DEBCA8-001F-450A-98C2-4C96C253CE6B}.Debug|Any CPU.ActiveCfg = Debug|Any CPU
		{61DEBCA8-001F-450A-98C2-4C96C253CE6B}.Debug|Any CPU.Build.0 = Debug|Any CPU
		{61DEBCA8-001F-450A-98C2-4C96C253CE6B}.Release|Any CPU.ActiveCfg = Release|Any CPU
		{61DEBCA8-001F-450A-98C2-4C96C253CE6B}.Release|Any CPU.Build.0 = Release|Any CPU
		{FCC98FD9-81CF-4DAA-8CB5-0D737A9F131E}.Debug|Any CPU.ActiveCfg = Debug|Any CPU
		{FCC98FD9-81CF-4DAA-8CB5-0D737A9F131E}.Debug|Any CPU.Build.0 = Debug|Any CPU
		{FCC98FD9-81CF-4DAA-8CB5-0D737A9F131E}.Release|Any CPU.ActiveCfg = Release|Any CPU
		{FCC98FD9-81CF-4DAA-8CB5-0D737A9F131E}.Release|Any CPU.Build.0 = Release|Any CPU
		{F8BDD5EA-EC8D-4451-86C8-F5118B2F9489}.Debug|Any CPU.ActiveCfg = Debug|Any CPU
		{F8BDD5EA-EC8D-4451-86C8-F5118B2F9489}.Debug|Any CPU.Build.0 = Debug|Any CPU
		{F8BDD5EA-EC8D-4451-86C8-F5118B2F9489}.Release|Any CPU.ActiveCfg = Release|Any CPU
		{F8BDD5EA-EC8D-4451-86C8-F5118B2F9489}.Release|Any CPU.Build.0 = Release|Any CPU
	EndGlobalSection
	GlobalSection(SolutionProperties) = preSolution
		HideSolutionNode = FALSE
	EndGlobalSection
	GlobalSection(ExtensibilityGlobals) = postSolution
		SolutionGuid = {5B9C6098-8410-46EB-9E54-C448DC0E4A06}
	EndGlobalSection
EndGlobal
